[[package]]
category = "main"
description = "Abseil Python Common Libraries, see https://github.com/abseil/abseil-py."
name = "absl-py"
optional = false
python-versions = "*"
version = "0.9.0"

[package.dependencies]
six = "*"

[[package]]
category = "main"
description = "Python command-line parsing library"
name = "argparse"
optional = false
python-versions = "*"
version = "1.4.0"

[[package]]
category = "main"
description = "Read/rewrite/write Python ASTs"
name = "astor"
optional = false
python-versions = "!=3.0.*,!=3.1.*,!=3.2.*,!=3.3.*,>=2.7"
version = "0.8.1"

[[package]]
category = "dev"
description = "Atomic file writes."
marker = "sys_platform == \"win32\""
name = "atomicwrites"
optional = false
python-versions = ">=2.7, !=3.0.*, !=3.1.*, !=3.2.*, !=3.3.*"
version = "1.4.0"

[[package]]
category = "dev"
description = "Classes Without Boilerplate"
name = "attrs"
optional = false
python-versions = ">=2.7, !=3.0.*, !=3.1.*, !=3.2.*, !=3.3.*"
version = "19.3.0"

[package.extras]
azure-pipelines = ["coverage", "hypothesis", "pympler", "pytest (>=4.3.0)", "six", "zope.interface", "pytest-azurepipelines"]
dev = ["coverage", "hypothesis", "pympler", "pytest (>=4.3.0)", "six", "zope.interface", "sphinx", "pre-commit"]
docs = ["sphinx", "zope.interface"]
tests = ["coverage", "hypothesis", "pympler", "pytest (>=4.3.0)", "six", "zope.interface"]

[[package]]
category = "dev"
description = "Cross-platform colored terminal text."
marker = "sys_platform == \"win32\""
name = "colorama"
optional = false
python-versions = ">=2.7, !=3.0.*, !=3.1.*, !=3.2.*, !=3.3.*, !=3.4.*"
version = "0.4.3"

[[package]]
category = "main"
description = "Python AST that abstracts the underlying Python version"
name = "gast"
optional = false
python-versions = ">=2.7, !=3.0.*, !=3.1.*, !=3.2.*, !=3.3.*"
version = "0.2.2"

[[package]]
category = "main"
description = "pasta is an AST-based Python refactoring library"
name = "google-pasta"
optional = false
python-versions = "*"
version = "0.2.0"

[package.dependencies]
six = "*"

[[package]]
category = "main"
description = "HTTP/2-based RPC framework"
name = "grpcio"
optional = false
python-versions = "*"
version = "1.30.0"

[package.dependencies]
six = ">=1.5.2"

[[package]]
category = "main"
description = "Read and write HDF5 files from Python"
name = "h5py"
optional = false
python-versions = "*"
version = "2.10.0"

[package.dependencies]
numpy = ">=1.7"
six = "*"

[[package]]
category = "main"
description = "Read metadata from Python packages"
marker = "python_version < \"3.8\""
name = "importlib-metadata"
optional = false
python-versions = "!=3.0.*,!=3.1.*,!=3.2.*,!=3.3.*,!=3.4.*,>=2.7"
version = "1.7.0"

[package.dependencies]
zipp = ">=0.5"

[package.extras]
docs = ["sphinx", "rst.linker"]
testing = ["packaging", "pep517", "importlib-resources (>=1.3)"]

[[package]]
category = "main"
description = "Deep Learning for humans"
name = "keras"
optional = false
python-versions = "*"
version = "2.3.1"

[package.dependencies]
h5py = "*"
keras-applications = ">=1.0.6"
keras-preprocessing = ">=1.0.5"
numpy = ">=1.9.1"
pyyaml = "*"
scipy = ">=0.14"
six = ">=1.9.0"

[package.extras]
tests = ["pytest", "pytest-pep8", "pytest-xdist", "flaky", "pytest-cov", "pandas", "requests", "markdown"]
visualize = ["pydot (>=1.2.4)"]

[[package]]
category = "main"
description = "Reference implementations of popular deep learning models"
name = "keras-applications"
optional = false
python-versions = "*"
version = "1.0.8"

[package.dependencies]
h5py = "*"
numpy = ">=1.9.1"

[package.extras]
tests = ["pytest", "pytest-pep8", "pytest-xdist", "pytest-cov"]

[[package]]
category = "main"
description = "Easy data preprocessing and data augmentation for deep learning models"
name = "keras-preprocessing"
optional = false
python-versions = "*"
version = "1.1.2"

[package.dependencies]
numpy = ">=1.9.1"
six = ">=1.9.0"

[package.extras]
image = ["scipy (>=0.14)", "Pillow (>=5.2.0)"]
pep8 = ["flake8"]
tests = ["pandas", "pillow", "tensorflow", "keras", "pytest", "pytest-xdist", "pytest-cov"]

[[package]]
category = "main"
description = "Python implementation of Markdown."
name = "markdown"
optional = false
python-versions = ">=3.5"
version = "3.2.2"

[package.dependencies]
[package.dependencies.importlib-metadata]
python = "<3.8"
version = "*"

[package.extras]
testing = ["coverage", "pyyaml"]

[[package]]
category = "dev"
description = "More routines for operating on iterables, beyond itertools"
name = "more-itertools"
optional = false
python-versions = ">=3.5"
version = "8.4.0"

[[package]]
category = "main"
description = "NumPy is the fundamental package for array computing with Python."
name = "numpy"
optional = false
python-versions = ">=3.6"
version = "1.19.1"

[[package]]
category = "main"
description = "Optimizing numpys einsum function"
name = "opt-einsum"
optional = false
python-versions = ">=3.5"
version = "3.3.0"

[package.dependencies]
numpy = ">=1.7"

[package.extras]
docs = ["sphinx (1.2.3)", "sphinxcontrib-napoleon", "sphinx-rtd-theme", "numpydoc"]
tests = ["pytest", "pytest-cov", "pytest-pep8"]

[[package]]
category = "dev"
description = "Core utilities for Python packages"
name = "packaging"
optional = false
python-versions = ">=2.7, !=3.0.*, !=3.1.*, !=3.2.*, !=3.3.*"
version = "20.4"

[package.dependencies]
pyparsing = ">=2.0.2"
six = "*"

[[package]]
category = "main"
description = "A pure Python interface for the Raspberry Pi camera module."
name = "picamera"
optional = false
python-versions = "*"
version = "1.13"

[package.extras]
array = ["numpy"]
doc = ["sphinx"]
test = ["coverage", "pytest", "mock", "pillow", "numpy"]

[[package]]
category = "main"
description = "Python Imaging Library (Fork)"
name = "pillow"
optional = false
python-versions = ">=3.5"
version = "7.2.0"

[[package]]
category = "dev"
description = "plugin and hook calling mechanisms for python"
name = "pluggy"
optional = false
python-versions = ">=2.7, !=3.0.*, !=3.1.*, !=3.2.*, !=3.3.*"
version = "0.13.1"

[package.dependencies]
[package.dependencies.importlib-metadata]
python = "<3.8"
version = ">=0.12"

[package.extras]
dev = ["pre-commit", "tox"]

[[package]]
category = "main"
description = "Protocol Buffers"
name = "protobuf"
optional = false
python-versions = "*"
version = "3.12.4"

[package.dependencies]
setuptools = "*"
six = ">=1.9"

[[package]]
category = "dev"
description = "library with cross-python path, ini-parsing, io, code, log facilities"
name = "py"
optional = false
python-versions = ">=2.7, !=3.0.*, !=3.1.*, !=3.2.*, !=3.3.*"
version = "1.9.0"

[[package]]
category = "dev"
description = "Python parsing module"
name = "pyparsing"
optional = false
python-versions = ">=2.6, !=3.0.*, !=3.1.*, !=3.2.*"
version = "2.4.7"

[[package]]
category = "main"
description = "Python Serial Port Extension"
name = "pyserial"
optional = false
python-versions = "*"
version = "3.4"

[[package]]
category = "dev"
description = "pytest: simple powerful testing with Python"
name = "pytest"
optional = false
python-versions = ">=3.5"
version = "5.4.3"

[package.dependencies]
atomicwrites = ">=1.0"
attrs = ">=17.4.0"
colorama = "*"
more-itertools = ">=4.0.0"
packaging = "*"
pluggy = ">=0.12,<1.0"
py = ">=1.5.0"
wcwidth = "*"

[package.dependencies.importlib-metadata]
python = "<3.8"
version = ">=0.12"

[package.extras]
checkqa-mypy = ["mypy (v0.761)"]
testing = ["argcomplete", "hypothesis (>=3.56)", "mock", "nose", "requests", "xmlschema"]

[[package]]
category = "main"
description = "YAML parser and emitter for Python"
name = "pyyaml"
optional = false
python-versions = ">=2.7, !=3.0.*, !=3.1.*, !=3.2.*, !=3.3.*, !=3.4.*"
version = "5.3.1"

[[package]]
category = "main"
description = "A module to control Raspberry Pi GPIO channels"
name = "rpi.gpio"
optional = false
python-versions = "*"
version = "0.7.0"

[[package]]
category = "main"
description = "SciPy: Scientific Library for Python"
name = "scipy"
optional = false
python-versions = ">=3.6"
version = "1.5.2"

[package.dependencies]
numpy = ">=1.14.5"

[[package]]
category = "main"
description = "Python 2 and 3 compatibility utilities"
name = "six"
optional = false
python-versions = ">=2.7, !=3.0.*, !=3.1.*, !=3.2.*"
version = "1.15.0"

[[package]]
category = "main"
description = "TensorBoard lets you watch Tensors Flow"
name = "tensorboard"
optional = false
python-versions = ">= 2.7, != 3.0.*, != 3.1.*"
version = "1.15.0"

[package.dependencies]
absl-py = ">=0.4"
grpcio = ">=1.6.3"
markdown = ">=2.6.8"
numpy = ">=1.12.0"
protobuf = ">=3.6.0"
setuptools = ">=41.0.0"
six = ">=1.10.0"
werkzeug = ">=0.11.15"

[package.dependencies.wheel]
python = ">=3"
version = ">=0.26"

[[package]]
category = "main"
description = "TensorFlow is an open source machine learning framework for everyone."
name = "tensorflow"
optional = false
python-versions = "*"
version = "1.15.0"

[package.dependencies]
absl-py = ">=0.7.0"
astor = ">=0.6.0"
gast = "0.2.2"
google-pasta = ">=0.1.6"
grpcio = ">=1.8.6"
keras-applications = ">=1.0.8"
keras-preprocessing = ">=1.0.5"
numpy = ">=1.16.0,<2.0"
opt-einsum = ">=2.3.2"
protobuf = ">=3.6.1"
six = ">=1.10.0"
tensorboard = ">=1.15.0,<1.16.0"
tensorflow-estimator = "1.15.1"
termcolor = ">=1.1.0"
wheel = ">=0.26"
wrapt = ">=1.11.1"

[package.source]
reference = ""
type = "url"
url = "https://github.com/PINTO0309/Tensorflow-bin/raw/master/tensorflow-1.15.0-cp37-cp37m-linux_armv7l.whl"
[[package]]
category = "main"
description = "TensorFlow Estimator."
name = "tensorflow-estimator"
optional = false
python-versions = "*"
version = "1.15.1"

[[package]]
category = "main"
description = "ANSII Color formatting for output in terminal."
name = "termcolor"
optional = false
python-versions = "*"
version = "1.1.0"

[[package]]
category = "main"
description = "Fast, Extensible Progress Meter"
name = "tqdm"
optional = false
python-versions = ">=2.6, !=3.0.*, !=3.1.*"
version = "4.48.0"

[package.extras]
dev = ["py-make (>=0.1.0)", "twine", "argopt", "pydoc-markdown"]

[[package]]
category = "dev"
description = "Measures the displayed width of unicode strings in a terminal"
name = "wcwidth"
optional = false
python-versions = "*"
version = "0.2.5"

[[package]]
category = "main"
description = "The comprehensive WSGI web application library."
name = "werkzeug"
optional = false
python-versions = ">=2.7, !=3.0.*, !=3.1.*, !=3.2.*, !=3.3.*, !=3.4.*"
version = "1.0.1"

[package.extras]
dev = ["pytest", "pytest-timeout", "coverage", "tox", "sphinx", "pallets-sphinx-themes", "sphinx-issues"]
watchdog = ["watchdog"]

[[package]]
category = "main"
description = "A built-package format for Python"
name = "wheel"
optional = false
python-versions = ">=2.7, !=3.0.*, !=3.1.*, !=3.2.*, !=3.3.*, !=3.4.*"
version = "0.34.2"

[package.extras]
test = ["pytest (>=3.0.0)", "pytest-cov"]

[[package]]
category = "main"
description = "Module for decorators, wrappers and monkey patching."
name = "wrapt"
optional = false
python-versions = "*"
version = "1.12.1"

[[package]]
category = "main"
description = "Backport of pathlib-compatible object wrapper for zip files"
marker = "python_version < \"3.8\""
name = "zipp"
optional = false
python-versions = ">=3.6"
version = "3.1.0"

[package.extras]
docs = ["sphinx", "jaraco.packaging (>=3.2)", "rst.linker (>=1.9)"]
testing = ["jaraco.itertools", "func-timeout"]

[metadata]
content-hash = "b44eeb44f086ee4a09bfe68e147c3491afb327b72a361604af8687b9fc0ef5c4"
lock-version = "1.0"
python-versions = "^3.7"

[metadata.files]
absl-py = [
    {file = "absl-py-0.9.0.tar.gz", hash = "sha256:75e737d6ce7723d9ff9b7aa1ba3233c34be62ef18d5859e706b8fdc828989830"},
]
argparse = [
    {file = "argparse-1.4.0-py2.py3-none-any.whl", hash = "sha256:c31647edb69fd3d465a847ea3157d37bed1f95f19760b11a47aa91c04b666314"},
    {file = "argparse-1.4.0.tar.gz", hash = "sha256:62b089a55be1d8949cd2bc7e0df0bddb9e028faefc8c32038cc84862aefdd6e4"},
]
astor = [
    {file = "astor-0.8.1-py2.py3-none-any.whl", hash = "sha256:070a54e890cefb5b3739d19f30f5a5ec840ffc9c50ffa7d23cc9fc1a38ebbfc5"},
    {file = "astor-0.8.1.tar.gz", hash = "sha256:6a6effda93f4e1ce9f618779b2dd1d9d84f1e32812c23a29b3fff6fd7f63fa5e"},
]
atomicwrites = [
    {file = "atomicwrites-1.4.0-py2.py3-none-any.whl", hash = "sha256:6d1784dea7c0c8d4a5172b6c620f40b6e4cbfdf96d783691f2e1302a7b88e197"},
    {file = "atomicwrites-1.4.0.tar.gz", hash = "sha256:ae70396ad1a434f9c7046fd2dd196fc04b12f9e91ffb859164193be8b6168a7a"},
]
attrs = [
    {file = "attrs-19.3.0-py2.py3-none-any.whl", hash = "sha256:08a96c641c3a74e44eb59afb61a24f2cb9f4d7188748e76ba4bb5edfa3cb7d1c"},
    {file = "attrs-19.3.0.tar.gz", hash = "sha256:f7b7ce16570fe9965acd6d30101a28f62fb4a7f9e926b3bbc9b61f8b04247e72"},
]
colorama = [
    {file = "colorama-0.4.3-py2.py3-none-any.whl", hash = "sha256:7d73d2a99753107a36ac6b455ee49046802e59d9d076ef8e47b61499fa29afff"},
    {file = "colorama-0.4.3.tar.gz", hash = "sha256:e96da0d330793e2cb9485e9ddfd918d456036c7149416295932478192f4436a1"},
]
gast = [
    {file = "gast-0.2.2.tar.gz", hash = "sha256:fe939df4583692f0512161ec1c880e0a10e71e6a232da045ab8edd3756fbadf0"},
]
google-pasta = [
    {file = "google-pasta-0.2.0.tar.gz", hash = "sha256:c9f2c8dfc8f96d0d5808299920721be30c9eec37f2389f28904f454565c8a16e"},
    {file = "google_pasta-0.2.0-py2-none-any.whl", hash = "sha256:4612951da876b1a10fe3960d7226f0c7682cf901e16ac06e473b267a5afa8954"},
    {file = "google_pasta-0.2.0-py3-none-any.whl", hash = "sha256:b32482794a366b5366a32c92a9a9201b107821889935a02b3e51f6b432ea84ed"},
]
grpcio = [
    {file = "grpcio-1.30.0-cp27-cp27m-macosx_10_9_x86_64.whl", hash = "sha256:d5eee9d205518ee4feb9c424475ddad18a44fea97ff405780e7cd1d6df8ee96a"},
    {file = "grpcio-1.30.0-cp27-cp27m-manylinux2010_i686.whl", hash = "sha256:3cb78f8078ae583810c2eb47e536b0803a039656685144db43897e8beca4e203"},
    {file = "grpcio-1.30.0-cp27-cp27m-manylinux2010_x86_64.whl", hash = "sha256:d18e7fb5c5c336cc349d06cde24582e0bfa5e067fdd6268bf1519c4eb4af0199"},
    {file = "grpcio-1.30.0-cp27-cp27m-win32.whl", hash = "sha256:0c334d6cbe27ebaa9e7211236dc99f3a9ca2ea4b3bf89b0d2544df2924343cc5"},
    {file = "grpcio-1.30.0-cp27-cp27m-win_amd64.whl", hash = "sha256:7b47ec90cab0827679b511f7f9ef4fb0077cb5d7bb3d7b917154e718bb4d983b"},
    {file = "grpcio-1.30.0-cp27-cp27mu-linux_armv7l.whl", hash = "sha256:872d45a2e01f47db095bec032470a8c5c0a5ebd00fc930b5ae35c756b20d2cff"},
    {file = "grpcio-1.30.0-cp27-cp27mu-manylinux2010_i686.whl", hash = "sha256:9ae898c15d122a046f04ea99327e3e0bd10593eb413c4810b931103da6311a21"},
    {file = "grpcio-1.30.0-cp27-cp27mu-manylinux2010_x86_64.whl", hash = "sha256:474bb992355b4a3cb8d7cb783b2d81f628c16ea921cec54ff492420e11c896f5"},
    {file = "grpcio-1.30.0-cp35-cp35m-linux_armv7l.whl", hash = "sha256:37da010e209289085d3362f371d9feefc152790859470f5e413d84a95a8d3998"},
    {file = "grpcio-1.30.0-cp35-cp35m-macosx_10_7_intel.whl", hash = "sha256:74e8b6bd0f7ae64a7eecfe9bf10bc7a905d3b3eb2775cd3a9fdcdafd277469dd"},
    {file = "grpcio-1.30.0-cp35-cp35m-manylinux2010_i686.whl", hash = "sha256:b8e5194fb20f4365eacfc3c33d61662651e12e166978186faf378ee972eb0bab"},
    {file = "grpcio-1.30.0-cp35-cp35m-manylinux2010_x86_64.whl", hash = "sha256:09bea7902adc33620d68462671942e163ab12214073ffb613d2fef3df94254f6"},
    {file = "grpcio-1.30.0-cp35-cp35m-win32.whl", hash = "sha256:2522f1808fe41bd8807feb5330025378553745b727eacb07562319205d1fd405"},
    {file = "grpcio-1.30.0-cp35-cp35m-win_amd64.whl", hash = "sha256:afe1f9173b51945e66c72002995eb6d4217384aaaee53215ae85d8543251fec2"},
    {file = "grpcio-1.30.0-cp36-cp36m-linux_armv7l.whl", hash = "sha256:b934542dd61746651f7907d2d7878f62ef42fdb46935088fc6a1d8266a406ba5"},
    {file = "grpcio-1.30.0-cp36-cp36m-macosx_10_9_x86_64.whl", hash = "sha256:ac97beab4a749c7faf6f267f7b149f6dff4f3ad64f6f6ac1d94d04019785d6a4"},
    {file = "grpcio-1.30.0-cp36-cp36m-manylinux2010_i686.whl", hash = "sha256:795f351ef70a931f8f7be6a10a509714ec0a6e36c674a071abe5da8eb6b8bb35"},
    {file = "grpcio-1.30.0-cp36-cp36m-manylinux2010_x86_64.whl", hash = "sha256:8d3249566b2d8b97925fbb2ae6c5b63c5ebdb919828230eae06a25e9614e051b"},
    {file = "grpcio-1.30.0-cp36-cp36m-win32.whl", hash = "sha256:32fe6369143c262d096995ebdd55eeb77f0e1dbe8343a956462ef0607527c7bc"},
    {file = "grpcio-1.30.0-cp36-cp36m-win_amd64.whl", hash = "sha256:08362b8b09562179b14db6ffce4b88e1a6a6edac8bccb85dd35f7b214fa5a0f5"},
    {file = "grpcio-1.30.0-cp37-cp37m-macosx_10_9_x86_64.whl", hash = "sha256:c8ad75925e87ed68d5f7d5e3ec4b9f2ed209fae67c0abbcbd17481cc474421ba"},
    {file = "grpcio-1.30.0-cp37-cp37m-manylinux2010_i686.whl", hash = "sha256:14743e8fdfdabbab1a2075ffafd25e0a8b1a864505e3cccdf19793766cdc4624"},
    {file = "grpcio-1.30.0-cp37-cp37m-manylinux2010_x86_64.whl", hash = "sha256:0c4e316e02fc227c6fba858707baee46f30d890754fc4acdf2cfec2ea0bf0aa1"},
    {file = "grpcio-1.30.0-cp37-cp37m-win32.whl", hash = "sha256:b0f7bfba0ae7a97b802348aba4e08b1e84988103cc1eb887241e7b069010058a"},
    {file = "grpcio-1.30.0-cp37-cp37m-win_amd64.whl", hash = "sha256:2121afee4e3ebea7df1137bfb4dc396b1856aff4c517780108d9ce82f57bf2f8"},
    {file = "grpcio-1.30.0-cp38-cp38-macosx_10_9_x86_64.whl", hash = "sha256:b022cedea66b7d6774bbd7d32d5a8a374947fb572da1a6915210b09a6f51cbdf"},
    {file = "grpcio-1.30.0-cp38-cp38-manylinux2010_i686.whl", hash = "sha256:38ab75168a9024d393bf43343960da425736038d249920955f223bc762587697"},
    {file = "grpcio-1.30.0-cp38-cp38-manylinux2010_x86_64.whl", hash = "sha256:1f45ec5003101f16673436b150bac73c2355cd9ae78cb14f3707be01a39b5450"},
    {file = "grpcio-1.30.0-cp38-cp38-win32.whl", hash = "sha256:7f264d740906655a147448d57e4422723639d2d3f891734b8d5eb1675cb47192"},
    {file = "grpcio-1.30.0-cp38-cp38-win_amd64.whl", hash = "sha256:31e9891ac742e6866aec0cf67f1892618982cfbaf08bdcf3bb2e0f0828530c38"},
    {file = "grpcio-1.30.0.tar.gz", hash = "sha256:e8f2f5d16e0164c415f1b31a8d9a81f2e4645a43d1b261375d6bab7b0adf511f"},
]
h5py = [
    {file = "h5py-2.10.0-cp27-cp27m-macosx_10_6_intel.whl", hash = "sha256:ecf4d0b56ee394a0984de15bceeb97cbe1fe485f1ac205121293fc44dcf3f31f"},
    {file = "h5py-2.10.0-cp27-cp27m-manylinux1_i686.whl", hash = "sha256:86868dc07b9cc8cb7627372a2e6636cdc7a53b7e2854ad020c9e9d8a4d3fd0f5"},
    {file = "h5py-2.10.0-cp27-cp27m-manylinux1_x86_64.whl", hash = "sha256:aac4b57097ac29089f179bbc2a6e14102dd210618e94d77ee4831c65f82f17c0"},
    {file = "h5py-2.10.0-cp27-cp27m-win32.whl", hash = "sha256:7be5754a159236e95bd196419485343e2b5875e806fe68919e087b6351f40a70"},
    {file = "h5py-2.10.0-cp27-cp27m-win_amd64.whl", hash = "sha256:13c87efa24768a5e24e360a40e0bc4c49bcb7ce1bb13a3a7f9902cec302ccd36"},
    {file = "h5py-2.10.0-cp27-cp27mu-manylinux1_i686.whl", hash = "sha256:79b23f47c6524d61f899254f5cd5e486e19868f1823298bc0c29d345c2447172"},
    {file = "h5py-2.10.0-cp27-cp27mu-manylinux1_x86_64.whl", hash = "sha256:cbf28ae4b5af0f05aa6e7551cee304f1d317dbed1eb7ac1d827cee2f1ef97a99"},
    {file = "h5py-2.10.0-cp34-cp34m-manylinux1_i686.whl", hash = "sha256:c0d4b04bbf96c47b6d360cd06939e72def512b20a18a8547fa4af810258355d5"},
    {file = "h5py-2.10.0-cp34-cp34m-manylinux1_x86_64.whl", hash = "sha256:549ad124df27c056b2e255ea1c44d30fb7a17d17676d03096ad5cd85edb32dc1"},
    {file = "h5py-2.10.0-cp35-cp35m-macosx_10_6_intel.whl", hash = "sha256:a5f82cd4938ff8761d9760af3274acf55afc3c91c649c50ab18fcff5510a14a5"},
    {file = "h5py-2.10.0-cp35-cp35m-manylinux1_i686.whl", hash = "sha256:3dad1730b6470fad853ef56d755d06bb916ee68a3d8272b3bab0c1ddf83bb99e"},
    {file = "h5py-2.10.0-cp35-cp35m-manylinux1_x86_64.whl", hash = "sha256:063947eaed5f271679ed4ffa36bb96f57bc14f44dd4336a827d9a02702e6ce6b"},
    {file = "h5py-2.10.0-cp35-cp35m-win32.whl", hash = "sha256:c54a2c0dd4957776ace7f95879d81582298c5daf89e77fb8bee7378f132951de"},
    {file = "h5py-2.10.0-cp35-cp35m-win_amd64.whl", hash = "sha256:6998be619c695910cb0effe5eb15d3a511d3d1a5d217d4bd0bebad1151ec2262"},
    {file = "h5py-2.10.0-cp36-cp36m-macosx_10_6_intel.whl", hash = "sha256:ff7d241f866b718e4584fa95f520cb19405220c501bd3a53ee11871ba5166ea2"},
    {file = "h5py-2.10.0-cp36-cp36m-manylinux1_i686.whl", hash = "sha256:54817b696e87eb9e403e42643305f142cd8b940fe9b3b490bbf98c3b8a894cf4"},
    {file = "h5py-2.10.0-cp36-cp36m-manylinux1_x86_64.whl", hash = "sha256:d3c59549f90a891691991c17f8e58c8544060fdf3ccdea267100fa5f561ff62f"},
    {file = "h5py-2.10.0-cp36-cp36m-win32.whl", hash = "sha256:d7ae7a0576b06cb8e8a1c265a8bc4b73d05fdee6429bffc9a26a6eb531e79d72"},
    {file = "h5py-2.10.0-cp36-cp36m-win_amd64.whl", hash = "sha256:bffbc48331b4a801d2f4b7dac8a72609f0b10e6e516e5c480a3e3241e091c878"},
    {file = "h5py-2.10.0-cp37-cp37m-macosx_10_6_intel.whl", hash = "sha256:51ae56894c6c93159086ffa2c94b5b3388c0400548ab26555c143e7cfa05b8e5"},
    {file = "h5py-2.10.0-cp37-cp37m-manylinux1_i686.whl", hash = "sha256:16ead3c57141101e3296ebeed79c9c143c32bdd0e82a61a2fc67e8e6d493e9d1"},
    {file = "h5py-2.10.0-cp37-cp37m-manylinux1_x86_64.whl", hash = "sha256:f0e25bb91e7a02efccb50aba6591d3fe2c725479e34769802fcdd4076abfa917"},
    {file = "h5py-2.10.0-cp37-cp37m-win32.whl", hash = "sha256:f23951a53d18398ef1344c186fb04b26163ca6ce449ebd23404b153fd111ded9"},
    {file = "h5py-2.10.0-cp37-cp37m-win_amd64.whl", hash = "sha256:8bb1d2de101f39743f91512a9750fb6c351c032e5cd3204b4487383e34da7f75"},
    {file = "h5py-2.10.0-cp38-cp38-macosx_10_9_x86_64.whl", hash = "sha256:64f74da4a1dd0d2042e7d04cf8294e04ddad686f8eba9bb79e517ae582f6668d"},
    {file = "h5py-2.10.0-cp38-cp38-manylinux1_x86_64.whl", hash = "sha256:d35f7a3a6cefec82bfdad2785e78359a0e6a5fbb3f605dd5623ce88082ccd681"},
    {file = "h5py-2.10.0-cp38-cp38-win32.whl", hash = "sha256:6ef7ab1089e3ef53ca099038f3c0a94d03e3560e6aff0e9d6c64c55fb13fc681"},
    {file = "h5py-2.10.0-cp38-cp38-win_amd64.whl", hash = "sha256:769e141512b54dee14ec76ed354fcacfc7d97fea5a7646b709f7400cf1838630"},
    {file = "h5py-2.10.0.tar.gz", hash = "sha256:84412798925dc870ffd7107f045d7659e60f5d46d1c70c700375248bf6bf512d"},
]
importlib-metadata = [
    {file = "importlib_metadata-1.7.0-py2.py3-none-any.whl", hash = "sha256:dc15b2969b4ce36305c51eebe62d418ac7791e9a157911d58bfb1f9ccd8e2070"},
    {file = "importlib_metadata-1.7.0.tar.gz", hash = "sha256:90bb658cdbbf6d1735b6341ce708fc7024a3e14e99ffdc5783edea9f9b077f83"},
]
keras = [
    {file = "Keras-2.3.1-py2.py3-none-any.whl", hash = "sha256:d08a57bd63546175f8f19232ba05906514d419da3e0af8ef7437fa1c11442e20"},
    {file = "Keras-2.3.1.tar.gz", hash = "sha256:321d43772006a25a1d58eea17401ef2a34d388b588c9f7646c34796151ebc8cc"},
]
keras-applications = [
    {file = "Keras_Applications-1.0.8-py3-none-any.whl", hash = "sha256:df4323692b8c1174af821bf906f1e442e63fa7589bf0f1230a0b6bdc5a810c95"},
    {file = "Keras_Applications-1.0.8.tar.gz", hash = "sha256:5579f9a12bcde9748f4a12233925a59b93b73ae6947409ff34aa2ba258189fe5"},
]
keras-preprocessing = [
    {file = "Keras_Preprocessing-1.1.2-py2.py3-none-any.whl", hash = "sha256:7b82029b130ff61cc99b55f3bd27427df4838576838c5b2f65940e4fcec99a7b"},
    {file = "Keras_Preprocessing-1.1.2.tar.gz", hash = "sha256:add82567c50c8bc648c14195bf544a5ce7c1f76761536956c3d2978970179ef3"},
]
markdown = [
    {file = "Markdown-3.2.2-py3-none-any.whl", hash = "sha256:c467cd6233885534bf0fe96e62e3cf46cfc1605112356c4f9981512b8174de59"},
    {file = "Markdown-3.2.2.tar.gz", hash = "sha256:1fafe3f1ecabfb514a5285fca634a53c1b32a81cb0feb154264d55bf2ff22c17"},
]
more-itertools = [
    {file = "more-itertools-8.4.0.tar.gz", hash = "sha256:68c70cc7167bdf5c7c9d8f6954a7837089c6a36bf565383919bb595efb8a17e5"},
    {file = "more_itertools-8.4.0-py3-none-any.whl", hash = "sha256:b78134b2063dd214000685165d81c154522c3ee0a1c0d4d113c80361c234c5a2"},
]
numpy = [
    {file = "numpy-1.19.1-cp36-cp36m-macosx_10_9_x86_64.whl", hash = "sha256:b1cca51512299841bf69add3b75361779962f9cee7d9ee3bb446d5982e925b69"},
    {file = "numpy-1.19.1-cp36-cp36m-manylinux1_i686.whl", hash = "sha256:c9591886fc9cbe5532d5df85cb8e0cc3b44ba8ce4367bd4cf1b93dc19713da72"},
    {file = "numpy-1.19.1-cp36-cp36m-manylinux1_x86_64.whl", hash = "sha256:cf1347450c0b7644ea142712619533553f02ef23f92f781312f6a3553d031fc7"},
    {file = "numpy-1.19.1-cp36-cp36m-manylinux2010_i686.whl", hash = "sha256:ed8a311493cf5480a2ebc597d1e177231984c818a86875126cfd004241a73c3e"},
    {file = "numpy-1.19.1-cp36-cp36m-manylinux2010_x86_64.whl", hash = "sha256:3673c8b2b29077f1b7b3a848794f8e11f401ba0b71c49fbd26fb40b71788b132"},
    {file = "numpy-1.19.1-cp36-cp36m-manylinux2014_aarch64.whl", hash = "sha256:56ef7f56470c24bb67fb43dae442e946a6ce172f97c69f8d067ff8550cf782ff"},
    {file = "numpy-1.19.1-cp36-cp36m-win32.whl", hash = "sha256:aaf42a04b472d12515debc621c31cf16c215e332242e7a9f56403d814c744624"},
    {file = "numpy-1.19.1-cp36-cp36m-win_amd64.whl", hash = "sha256:082f8d4dd69b6b688f64f509b91d482362124986d98dc7dc5f5e9f9b9c3bb983"},
    {file = "numpy-1.19.1-cp37-cp37m-macosx_10_9_x86_64.whl", hash = "sha256:e4f6d3c53911a9d103d8ec9518190e52a8b945bab021745af4939cfc7c0d4a9e"},
    {file = "numpy-1.19.1-cp37-cp37m-manylinux1_i686.whl", hash = "sha256:5b6885c12784a27e957294b60f97e8b5b4174c7504665333c5e94fbf41ae5d6a"},
    {file = "numpy-1.19.1-cp37-cp37m-manylinux1_x86_64.whl", hash = "sha256:1bc0145999e8cb8aed9d4e65dd8b139adf1919e521177f198529687dbf613065"},
    {file = "numpy-1.19.1-cp37-cp37m-manylinux2010_i686.whl", hash = "sha256:5a936fd51049541d86ccdeef2833cc89a18e4d3808fe58a8abeb802665c5af93"},
    {file = "numpy-1.19.1-cp37-cp37m-manylinux2010_x86_64.whl", hash = "sha256:ef71a1d4fd4858596ae80ad1ec76404ad29701f8ca7cdcebc50300178db14dfc"},
    {file = "numpy-1.19.1-cp37-cp37m-manylinux2014_aarch64.whl", hash = "sha256:b9792b0ac0130b277536ab8944e7b754c69560dac0415dd4b2dbd16b902c8954"},
    {file = "numpy-1.19.1-cp37-cp37m-win32.whl", hash = "sha256:b12e639378c741add21fbffd16ba5ad25c0a1a17cf2b6fe4288feeb65144f35b"},
    {file = "numpy-1.19.1-cp37-cp37m-win_amd64.whl", hash = "sha256:8343bf67c72e09cfabfab55ad4a43ce3f6bf6e6ced7acf70f45ded9ebb425055"},
    {file = "numpy-1.19.1-cp38-cp38-macosx_10_9_x86_64.whl", hash = "sha256:e45f8e981a0ab47103181773cc0a54e650b2aef8c7b6cd07405d0fa8d869444a"},
    {file = "numpy-1.19.1-cp38-cp38-manylinux1_i686.whl", hash = "sha256:667c07063940e934287993366ad5f56766bc009017b4a0fe91dbd07960d0aba7"},
    {file = "numpy-1.19.1-cp38-cp38-manylinux1_x86_64.whl", hash = "sha256:480fdd4dbda4dd6b638d3863da3be82873bba6d32d1fc12ea1b8486ac7b8d129"},
    {file = "numpy-1.19.1-cp38-cp38-manylinux2010_i686.whl", hash = "sha256:935c27ae2760c21cd7354402546f6be21d3d0c806fffe967f745d5f2de5005a7"},
    {file = "numpy-1.19.1-cp38-cp38-manylinux2010_x86_64.whl", hash = "sha256:309cbcfaa103fc9a33ec16d2d62569d541b79f828c382556ff072442226d1968"},
    {file = "numpy-1.19.1-cp38-cp38-manylinux2014_aarch64.whl", hash = "sha256:7ed448ff4eaffeb01094959b19cbaf998ecdee9ef9932381420d514e446601cd"},
    {file = "numpy-1.19.1-cp38-cp38-win32.whl", hash = "sha256:de8b4a9b56255797cbddb93281ed92acbc510fb7b15df3f01bd28f46ebc4edae"},
    {file = "numpy-1.19.1-cp38-cp38-win_amd64.whl", hash = "sha256:92feb989b47f83ebef246adabc7ff3b9a59ac30601c3f6819f8913458610bdcc"},
    {file = "numpy-1.19.1-pp36-pypy36_pp73-manylinux2010_x86_64.whl", hash = "sha256:e1b1dc0372f530f26a03578ac75d5e51b3868b9b76cd2facba4c9ee0eb252ab1"},
    {file = "numpy-1.19.1.zip", hash = "sha256:b8456987b637232602ceb4d663cb34106f7eb780e247d51a260b84760fd8f491"},
]
opt-einsum = [
    {file = "opt_einsum-3.3.0-py3-none-any.whl", hash = "sha256:2455e59e3947d3c275477df7f5205b30635e266fe6dc300e3d9f9646bfcea147"},
    {file = "opt_einsum-3.3.0.tar.gz", hash = "sha256:59f6475f77bbc37dcf7cd748519c0ec60722e91e63ca114e68821c0c54a46549"},
]
packaging = [
    {file = "packaging-20.4-py2.py3-none-any.whl", hash = "sha256:998416ba6962ae7fbd6596850b80e17859a5753ba17c32284f67bfff33784181"},
    {file = "packaging-20.4.tar.gz", hash = "sha256:4357f74f47b9c12db93624a82154e9b120fa8293699949152b22065d556079f8"},
]
picamera = [
    {file = "picamera-1.13.tar.gz", hash = "sha256:890815aa01e4d855a6a95dd3ad0953b872a6b954982106407df0c5a31a163e50"},
]
pillow = [
    {file = "Pillow-7.2.0-cp35-cp35m-macosx_10_10_intel.whl", hash = "sha256:1ca594126d3c4def54babee699c055a913efb01e106c309fa6b04405d474d5ae"},
    {file = "Pillow-7.2.0-cp35-cp35m-manylinux1_i686.whl", hash = "sha256:c92302a33138409e8f1ad16731568c55c9053eee71bb05b6b744067e1b62380f"},
    {file = "Pillow-7.2.0-cp35-cp35m-manylinux1_x86_64.whl", hash = "sha256:8dad18b69f710bf3a001d2bf3afab7c432785d94fcf819c16b5207b1cfd17d38"},
    {file = "Pillow-7.2.0-cp35-cp35m-manylinux2014_aarch64.whl", hash = "sha256:431b15cffbf949e89df2f7b48528be18b78bfa5177cb3036284a5508159492b5"},
    {file = "Pillow-7.2.0-cp35-cp35m-win32.whl", hash = "sha256:09d7f9e64289cb40c2c8d7ad674b2ed6105f55dc3b09aa8e4918e20a0311e7ad"},
    {file = "Pillow-7.2.0-cp35-cp35m-win_amd64.whl", hash = "sha256:0295442429645fa16d05bd567ef5cff178482439c9aad0411d3f0ce9b88b3a6f"},
    {file = "Pillow-7.2.0-cp36-cp36m-macosx_10_10_x86_64.whl", hash = "sha256:ec29604081f10f16a7aea809ad42e27764188fc258b02259a03a8ff7ded3808d"},
    {file = "Pillow-7.2.0-cp36-cp36m-manylinux1_i686.whl", hash = "sha256:612cfda94e9c8346f239bf1a4b082fdd5c8143cf82d685ba2dba76e7adeeb233"},
    {file = "Pillow-7.2.0-cp36-cp36m-manylinux1_x86_64.whl", hash = "sha256:0a80dd307a5d8440b0a08bd7b81617e04d870e40a3e46a32d9c246e54705e86f"},
    {file = "Pillow-7.2.0-cp36-cp36m-manylinux2014_aarch64.whl", hash = "sha256:06aba4169e78c439d528fdeb34762c3b61a70813527a2c57f0540541e9f433a8"},
    {file = "Pillow-7.2.0-cp36-cp36m-win32.whl", hash = "sha256:f7e30c27477dffc3e85c2463b3e649f751789e0f6c8456099eea7ddd53be4a8a"},
    {file = "Pillow-7.2.0-cp36-cp36m-win_amd64.whl", hash = "sha256:ffe538682dc19cc542ae7c3e504fdf54ca7f86fb8a135e59dd6bc8627eae6cce"},
    {file = "Pillow-7.2.0-cp37-cp37m-macosx_10_10_x86_64.whl", hash = "sha256:94cf49723928eb6070a892cb39d6c156f7b5a2db4e8971cb958f7b6b104fb4c4"},
    {file = "Pillow-7.2.0-cp37-cp37m-manylinux1_i686.whl", hash = "sha256:6edb5446f44d901e8683ffb25ebdfc26988ee813da3bf91e12252b57ac163727"},
    {file = "Pillow-7.2.0-cp37-cp37m-manylinux1_x86_64.whl", hash = "sha256:52125833b070791fcb5710fabc640fc1df07d087fc0c0f02d3661f76c23c5b8b"},
    {file = "Pillow-7.2.0-cp37-cp37m-manylinux2014_aarch64.whl", hash = "sha256:9ad7f865eebde135d526bb3163d0b23ffff365cf87e767c649550964ad72785d"},
    {file = "Pillow-7.2.0-cp37-cp37m-win32.whl", hash = "sha256:c79f9c5fb846285f943aafeafda3358992d64f0ef58566e23484132ecd8d7d63"},
    {file = "Pillow-7.2.0-cp37-cp37m-win_amd64.whl", hash = "sha256:d350f0f2c2421e65fbc62690f26b59b0bcda1b614beb318c81e38647e0f673a1"},
    {file = "Pillow-7.2.0-cp38-cp38-macosx_10_10_x86_64.whl", hash = "sha256:6d7741e65835716ceea0fd13a7d0192961212fd59e741a46bbed7a473c634ed6"},
    {file = "Pillow-7.2.0-cp38-cp38-manylinux1_i686.whl", hash = "sha256:edf31f1150778abd4322444c393ab9c7bd2af271dd4dafb4208fb613b1f3cdc9"},
    {file = "Pillow-7.2.0-cp38-cp38-manylinux1_x86_64.whl", hash = "sha256:d08b23fdb388c0715990cbc06866db554e1822c4bdcf6d4166cf30ac82df8c41"},
    {file = "Pillow-7.2.0-cp38-cp38-manylinux2014_aarch64.whl", hash = "sha256:5e51ee2b8114def244384eda1c82b10e307ad9778dac5c83fb0943775a653cd8"},
    {file = "Pillow-7.2.0-cp38-cp38-win32.whl", hash = "sha256:725aa6cfc66ce2857d585f06e9519a1cc0ef6d13f186ff3447ab6dff0a09bc7f"},
    {file = "Pillow-7.2.0-cp38-cp38-win_amd64.whl", hash = "sha256:a060cf8aa332052df2158e5a119303965be92c3da6f2d93b6878f0ebca80b2f6"},
    {file = "Pillow-7.2.0-pp36-pypy36_pp73-win32.whl", hash = "sha256:25930fadde8019f374400f7986e8404c8b781ce519da27792cbe46eabec00c4d"},
    {file = "Pillow-7.2.0.tar.gz", hash = "sha256:97f9e7953a77d5a70f49b9a48da7776dc51e9b738151b22dacf101641594a626"},
]
pluggy = [
    {file = "pluggy-0.13.1-py2.py3-none-any.whl", hash = "sha256:966c145cd83c96502c3c3868f50408687b38434af77734af1e9ca461a4081d2d"},
    {file = "pluggy-0.13.1.tar.gz", hash = "sha256:15b2acde666561e1298d71b523007ed7364de07029219b604cf808bfa1c765b0"},
]
protobuf = [
    {file = "protobuf-3.12.4-cp27-cp27m-macosx_10_9_x86_64.whl", hash = "sha256:3d59825cba9447e8f4fcacc1f3c892cafd28b964e152629b3f420a2fb5918b5a"},
    {file = "protobuf-3.12.4-cp27-cp27mu-manylinux1_x86_64.whl", hash = "sha256:6009f3ebe761fad319b52199a49f1efa7a3729302947a78a3f5ea8e7e89e3ac2"},
    {file = "protobuf-3.12.4-cp35-cp35m-macosx_10_9_intel.whl", hash = "sha256:e2bd5c98952db3f1bb1af2e81b6a208909d3b8a2d32f7525c5cc10a6338b6593"},
    {file = "protobuf-3.12.4-cp35-cp35m-manylinux1_x86_64.whl", hash = "sha256:2becd0e238ae34caf96fa7365b87f65b88aebcf7864dfe5ab461c5005f4256d9"},
    {file = "protobuf-3.12.4-cp35-cp35m-win32.whl", hash = "sha256:ef991cbe34d7bb935ba6349406a210d3558b9379c21621c6ed7b99112af7350e"},
    {file = "protobuf-3.12.4-cp35-cp35m-win_amd64.whl", hash = "sha256:a7b6cf201e67132ca99b8a6c4812fab541fdce1ceb54bb6f66bc336ab7259138"},
    {file = "protobuf-3.12.4-cp36-cp36m-macosx_10_9_x86_64.whl", hash = "sha256:4794a7748ee645d2ae305f3f4f0abd459e789c973b5bc338008960f83e0c554b"},
    {file = "protobuf-3.12.4-cp36-cp36m-manylinux1_x86_64.whl", hash = "sha256:f1796e0eb911bf5b08e76b753953effbeb6bc42c95c16597177f627eaa52c375"},
    {file = "protobuf-3.12.4-cp36-cp36m-win32.whl", hash = "sha256:c0c8d7c8f07eacd9e98a907941b56e57883cf83de069cfaeaa7e02c582f72ddb"},
    {file = "protobuf-3.12.4-cp36-cp36m-win_amd64.whl", hash = "sha256:2db6940c1914fa3fbfabc0e7c8193d9e18b01dbb4650acac249b113be3ba8d9e"},
    {file = "protobuf-3.12.4-cp37-cp37m-macosx_10_9_x86_64.whl", hash = "sha256:b6842284bb15f1b19c50c5fd496f1e2a4cfefdbdfa5d25c02620cb82793295a7"},
    {file = "protobuf-3.12.4-cp37-cp37m-manylinux1_x86_64.whl", hash = "sha256:0b00429b87821f1e6f3d641327864e6f271763ae61799f7540bc58a352825fe2"},
    {file = "protobuf-3.12.4-cp37-cp37m-win32.whl", hash = "sha256:f10ba89f9cd508dc00e469918552925ef7cba38d101ca47af1e78f2f9982c6b3"},
    {file = "protobuf-3.12.4-cp37-cp37m-win_amd64.whl", hash = "sha256:2636c689a6a2441da9a2ef922a21f9b8bfd5dfe676abd77d788db4b36ea86bee"},
    {file = "protobuf-3.12.4-cp38-cp38-macosx_10_9_x86_64.whl", hash = "sha256:50b7bb2124f6a1fb0ddc6a44428ae3a21e619ad2cdf08130ac6c00534998ef07"},
    {file = "protobuf-3.12.4-cp38-cp38-manylinux1_x86_64.whl", hash = "sha256:e77ca4e1403b363a88bde9e31c11d093565e925e1685f40b29385a52f2320794"},
    {file = "protobuf-3.12.4-py2.py3-none-any.whl", hash = "sha256:32f0bcdf85e0040f36b4f548c71177027f2a618cab00ba235197fa9e230b7289"},
    {file = "protobuf-3.12.4.tar.gz", hash = "sha256:c99e5aea75b6f2b29c8d8da5bdc5f5ed8d9a5b4f15115c8316a3f0a850f94656"},
]
py = [
    {file = "py-1.9.0-py2.py3-none-any.whl", hash = "sha256:366389d1db726cd2fcfc79732e75410e5fe4d31db13692115529d34069a043c2"},
    {file = "py-1.9.0.tar.gz", hash = "sha256:9ca6883ce56b4e8da7e79ac18787889fa5206c79dcc67fb065376cd2fe03f342"},
]
pyparsing = [
    {file = "pyparsing-2.4.7-py2.py3-none-any.whl", hash = "sha256:ef9d7589ef3c200abe66653d3f1ab1033c3c419ae9b9bdb1240a85b024efc88b"},
    {file = "pyparsing-2.4.7.tar.gz", hash = "sha256:c203ec8783bf771a155b207279b9bccb8dea02d8f0c9e5f8ead507bc3246ecc1"},
]
pyserial = [
    {file = "pyserial-3.4-py2.py3-none-any.whl", hash = "sha256:e0770fadba80c31013896c7e6ef703f72e7834965954a78e71a3049488d4d7d8"},
    {file = "pyserial-3.4.tar.gz", hash = "sha256:6e2d401fdee0eab996cf734e67773a0143b932772ca8b42451440cfed942c627"},
]
pytest = [
    {file = "pytest-5.4.3-py3-none-any.whl", hash = "sha256:5c0db86b698e8f170ba4582a492248919255fcd4c79b1ee64ace34301fb589a1"},
    {file = "pytest-5.4.3.tar.gz", hash = "sha256:7979331bfcba207414f5e1263b5a0f8f521d0f457318836a7355531ed1a4c7d8"},
]
pyyaml = [
    {file = "PyYAML-5.3.1-cp27-cp27m-win32.whl", hash = "sha256:74809a57b329d6cc0fdccee6318f44b9b8649961fa73144a98735b0aaf029f1f"},
    {file = "PyYAML-5.3.1-cp27-cp27m-win_amd64.whl", hash = "sha256:240097ff019d7c70a4922b6869d8a86407758333f02203e0fc6ff79c5dcede76"},
    {file = "PyYAML-5.3.1-cp35-cp35m-win32.whl", hash = "sha256:4f4b913ca1a7319b33cfb1369e91e50354d6f07a135f3b901aca02aa95940bd2"},
    {file = "PyYAML-5.3.1-cp35-cp35m-win_amd64.whl", hash = "sha256:cc8955cfbfc7a115fa81d85284ee61147059a753344bc51098f3ccd69b0d7e0c"},
    {file = "PyYAML-5.3.1-cp36-cp36m-win32.whl", hash = "sha256:7739fc0fa8205b3ee8808aea45e968bc90082c10aef6ea95e855e10abf4a37b2"},
    {file = "PyYAML-5.3.1-cp36-cp36m-win_amd64.whl", hash = "sha256:69f00dca373f240f842b2931fb2c7e14ddbacd1397d57157a9b005a6a9942648"},
    {file = "PyYAML-5.3.1-cp37-cp37m-win32.whl", hash = "sha256:d13155f591e6fcc1ec3b30685d50bf0711574e2c0dfffd7644babf8b5102ca1a"},
    {file = "PyYAML-5.3.1-cp37-cp37m-win_amd64.whl", hash = "sha256:73f099454b799e05e5ab51423c7bcf361c58d3206fa7b0d555426b1f4d9a3eaf"},
    {file = "PyYAML-5.3.1-cp38-cp38-win32.whl", hash = "sha256:06a0d7ba600ce0b2d2fe2e78453a470b5a6e000a985dd4a4e54e436cc36b0e97"},
    {file = "PyYAML-5.3.1-cp38-cp38-win_amd64.whl", hash = "sha256:95f71d2af0ff4227885f7a6605c37fd53d3a106fcab511b8860ecca9fcf400ee"},
    {file = "PyYAML-5.3.1.tar.gz", hash = "sha256:b8eac752c5e14d3eca0e6dd9199cd627518cb5ec06add0de9d32baeee6fe645d"},
]
"rpi.gpio" = [
    {file = "RPi.GPIO-0.7.0.tar.gz", hash = "sha256:7424bc6c205466764f30f666c18187a0824077daf20b295c42f08aea2cb87d3f"},
]
scipy = [
    {file = "scipy-1.5.2-cp36-cp36m-macosx_10_9_x86_64.whl", hash = "sha256:cca9fce15109a36a0a9f9cfc64f870f1c140cb235ddf27fe0328e6afb44dfed0"},
    {file = "scipy-1.5.2-cp36-cp36m-manylinux1_i686.whl", hash = "sha256:1c7564a4810c1cd77fcdee7fa726d7d39d4e2695ad252d7c86c3ea9d85b7fb8f"},
    {file = "scipy-1.5.2-cp36-cp36m-manylinux1_x86_64.whl", hash = "sha256:07e52b316b40a4f001667d1ad4eb5f2318738de34597bd91537851365b6c61f1"},
    {file = "scipy-1.5.2-cp36-cp36m-win32.whl", hash = "sha256:d56b10d8ed72ec1be76bf10508446df60954f08a41c2d40778bc29a3a9ad9bce"},
    {file = "scipy-1.5.2-cp36-cp36m-win_amd64.whl", hash = "sha256:8e28e74b97fc8d6aa0454989db3b5d36fc27e69cef39a7ee5eaf8174ca1123cb"},
    {file = "scipy-1.5.2-cp37-cp37m-macosx_10_9_x86_64.whl", hash = "sha256:6e86c873fe1335d88b7a4bfa09d021f27a9e753758fd75f3f92d714aa4093768"},
    {file = "scipy-1.5.2-cp37-cp37m-manylinux1_i686.whl", hash = "sha256:a0afbb967fd2c98efad5f4c24439a640d39463282040a88e8e928db647d8ac3d"},
    {file = "scipy-1.5.2-cp37-cp37m-manylinux1_x86_64.whl", hash = "sha256:eecf40fa87eeda53e8e11d265ff2254729d04000cd40bae648e76ff268885d66"},
    {file = "scipy-1.5.2-cp37-cp37m-win32.whl", hash = "sha256:315aa2165aca31375f4e26c230188db192ed901761390be908c9b21d8b07df62"},
    {file = "scipy-1.5.2-cp37-cp37m-win_amd64.whl", hash = "sha256:ec5fe57e46828d034775b00cd625c4a7b5c7d2e354c3b258d820c6c72212a6ec"},
    {file = "scipy-1.5.2-cp38-cp38-macosx_10_9_x86_64.whl", hash = "sha256:fc98f3eac993b9bfdd392e675dfe19850cc8c7246a8fd2b42443e506344be7d9"},
    {file = "scipy-1.5.2-cp38-cp38-manylinux1_i686.whl", hash = "sha256:a785409c0fa51764766840185a34f96a0a93527a0ff0230484d33a8ed085c8f8"},
    {file = "scipy-1.5.2-cp38-cp38-manylinux1_x86_64.whl", hash = "sha256:0a0e9a4e58a4734c2eba917f834b25b7e3b6dc333901ce7784fd31aefbd37b2f"},
    {file = "scipy-1.5.2-cp38-cp38-win32.whl", hash = "sha256:dac09281a0eacd59974e24525a3bc90fa39b4e95177e638a31b14db60d3fa806"},
    {file = "scipy-1.5.2-cp38-cp38-win_amd64.whl", hash = "sha256:92eb04041d371fea828858e4fff182453c25ae3eaa8782d9b6c32b25857d23bc"},
    {file = "scipy-1.5.2.tar.gz", hash = "sha256:066c513d90eb3fd7567a9e150828d39111ebd88d3e924cdfc9f8ce19ab6f90c9"},
]
six = [
    {file = "six-1.15.0-py2.py3-none-any.whl", hash = "sha256:8b74bedcbbbaca38ff6d7491d76f2b06b3592611af620f8426e82dddb04a5ced"},
    {file = "six-1.15.0.tar.gz", hash = "sha256:30639c035cdb23534cd4aa2dd52c3bf48f06e5f4a941509c8bafd8ce11080259"},
]
tensorboard = [
    {file = "tensorboard-1.15.0-py2-none-any.whl", hash = "sha256:612b789386aa1b2c4804e1961273b37f8e4dd97613f98bc90ff0402d24627f50"},
    {file = "tensorboard-1.15.0-py3-none-any.whl", hash = "sha256:4cad2c65f6011e51609b463014c014fd7c6ddd9c1263af1d4f18dd97ed88c2bc"},
]
tensorflow = []
tensorflow-estimator = [
    {file = "tensorflow_estimator-1.15.1-py2.py3-none-any.whl", hash = "sha256:8853bfb7c3c96fbdc80b3d66c37a10af6ccbcd235dc87474764270c02a0f86b9"},
]
termcolor = [
    {file = "termcolor-1.1.0.tar.gz", hash = "sha256:1d6d69ce66211143803fbc56652b41d73b4a400a2891d7bf7a1cdf4c02de613b"},
]
tqdm = [
    {file = "tqdm-4.48.0-py2.py3-none-any.whl", hash = "sha256:fcb7cb5b729b60a27f300b15c1ffd4744f080fb483b88f31dc8654b082cc8ea5"},
    {file = "tqdm-4.48.0.tar.gz", hash = "sha256:6baa75a88582b1db6d34ce4690da5501d2a1cb65c34664840a456b2c9f794d29"},
]
wcwidth = [
    {file = "wcwidth-0.2.5-py2.py3-none-any.whl", hash = "sha256:beb4802a9cebb9144e99086eff703a642a13d6a0052920003a230f3294bbe784"},
    {file = "wcwidth-0.2.5.tar.gz", hash = "sha256:c4d647b99872929fdb7bdcaa4fbe7f01413ed3d98077df798530e5b04f116c83"},
]
werkzeug = [
    {file = "Werkzeug-1.0.1-py2.py3-none-any.whl", hash = "sha256:2de2a5db0baeae7b2d2664949077c2ac63fbd16d98da0ff71837f7d1dea3fd43"},
    {file = "Werkzeug-1.0.1.tar.gz", hash = "sha256:6c80b1e5ad3665290ea39320b91e1be1e0d5f60652b964a3070216de83d2e47c"},
]
wheel = [
    {file = "wheel-0.34.2-py2.py3-none-any.whl", hash = "sha256:df277cb51e61359aba502208d680f90c0493adec6f0e848af94948778aed386e"},
    {file = "wheel-0.34.2.tar.gz", hash = "sha256:8788e9155fe14f54164c1b9eb0a319d98ef02c160725587ad60f14ddc57b6f96"},
]
wrapt = [
    {file = "wrapt-1.12.1.tar.gz", hash = "sha256:b62ffa81fb85f4332a4f609cab4ac40709470da05643a082ec1eb88e6d9b97d7"},
]
zipp = [
    {file = "zipp-3.1.0-py3-none-any.whl", hash = "sha256:aa36550ff0c0b7ef7fa639055d797116ee891440eac1a56f378e2d3179e0320b"},
    {file = "zipp-3.1.0.tar.gz", hash = "sha256:c599e4d75c98f6798c509911d08a22e6c021d074469042177c8c86fb92eefd96"},
]
